
Microsoft Visual Studio Solution File, Format Version 12.00
# Visual Studio 15
VisualStudioVersion = 15.0.28010.2003
MinimumVisualStudioVersion = 10.0.40219.1
Project("{FAE04EC0-301F-11D3-BF4B-00C04F79EFBC}") = "PrimerParcial", "PrimerParcial\PrimerParcial.csproj", "{851808FA-3147-4D78-8699-CC27472043C0}"
EndProject
Global
	GlobalSection(SolutionConfigurationPlatforms) = preSolution
		Debug|Any CPU = Debug|Any CPU
		Release|Any CPU = Release|Any CPU
	EndGlobalSection
	GlobalSection(ProjectConfigurationPlatforms) = postSolution
		{851808FA-3147-4D78-8699-CC27472043C0}.Debug|Any CPU.ActiveCfg = Debug|Any CPU
		{851808FA-3147-4D78-8699-CC27472043C0}.Debug|Any CPU.Build.0 = Debug|Any CPU
		{851808FA-3147-4D78-8699-CC27472043C0}.Release|Any CPU.ActiveCfg = Release|Any CPU
		{851808FA-3147-4D78-8699-CC27472043C0}.Release|Any CPU.Build.0 = Release|Any CPU
	EndGlobalSection
	GlobalSection(SolutionProperties) = preSolution
		HideSolutionNode = FALSE
	EndGlobalSection
	GlobalSection(ExtensibilityGlobals) = postSolution
		SolutionGuid = {9AE8CBC7-060B-4CB2-906F-75D4E982AC95}
	EndGlobalSection
EndGlobal
